
Microsoft Visual Studio Solution File, Format Version 12.00
# Visual Studio 2013
VisualStudioVersion = 12.0.21005.1
MinimumVisualStudioVersion = 10.0.40219.1
Project("{FAE04EC0-301F-11D3-BF4B-00C04F79EFBC}") = "FooBox", "FooBox\FooBox.csproj", "{49415DC7-E934-4E72-BDF9-BEBE22F2755E}"
EndProject
Project("{FAE04EC0-301F-11D3-BF4B-00C04F79EFBC}") = "FooBoxClient", "FooBoxClient\FooBoxClient.csproj", "{CA804CF3-DE5C-45BC-AB75-EF157B52E0F9}"
EndProject
Global
	GlobalSection(SolutionConfigurationPlatforms) = preSolution
		Debug|Any CPU = Debug|Any CPU
		Release|Any CPU = Release|Any CPU
	EndGlobalSection
	GlobalSection(ProjectConfigurationPlatforms) = postSolution
		{49415DC7-E934-4E72-BDF9-BEBE22F2755E}.Debug|Any CPU.ActiveCfg = Debug|Any CPU
		{49415DC7-E934-4E72-BDF9-BEBE22F2755E}.Debug|Any CPU.Build.0 = Debug|Any CPU
		{49415DC7-E934-4E72-BDF9-BEBE22F2755E}.Release|Any CPU.ActiveCfg = Release|Any CPU
		{49415DC7-E934-4E72-BDF9-BEBE22F2755E}.Release|Any CPU.Build.0 = Release|Any CPU
		{CA804CF3-DE5C-45BC-AB75-EF157B52E0F9}.Debug|Any CPU.ActiveCfg = Debug|Any CPU
		{CA804CF3-DE5C-45BC-AB75-EF157B52E0F9}.Debug|Any CPU.Build.0 = Debug|Any CPU
		{CA804CF3-DE5C-45BC-AB75-EF157B52E0F9}.Release|Any CPU.ActiveCfg = Release|Any CPU
		{CA804CF3-DE5C-45BC-AB75-EF157B52E0F9}.Release|Any CPU.Build.0 = Release|Any CPU
	EndGlobalSection
	GlobalSection(SolutionProperties) = preSolution
		HideSolutionNode = FALSE
	EndGlobalSection
EndGlobal
